{
  "name": "chatbots-testing-chatbots",
  "version": "1.0.0",
  "lockfileVersion": 2,
  "requires": true,
  "packages": {
    "": {
      "name": "chatbots-testing-chatbots",
      "version": "1.0.0",
      "license": "MIT",
      "dependencies": {
        "dotenv": "^16.0.3"
      },
      "devDependencies": {
        "@playwright/test": "^1.31.0"
      }
    },
    "node_modules/@playwright/test": {
      "version": "1.31.0",
      "resolved": "https://registry.npmjs.org/@playwright/test/-/test-1.31.0.tgz",
      "integrity": "sha512-Ys5s/06Dg9g3zAIdCIb/UOBYim3U7Zjb3DvC6XBtnRmnglH5O47iwYzmtxXu9fhSyzI2Jn28apkXIOD81GgCdw==",
      "dev": true,
      "license": "Apache-2.0",
      "dependencies": {
        "@types/node": "*",
        "playwright-core": "1.31.0"
      },
      "bin": {
        "playwright": "cli.js"
      },
      "engines": {
        "node": ">=14"
      },
      "optionalDependencies": {
        "fsevents": "2.3.2"
      }
    },
    "node_modules/@types/node": {
      "version": "18.14.0",
      "resolved": "https://registry.npmjs.org/@types/node/-/node-18.14.0.tgz",
      "integrity": "sha512-5EWrvLmglK+imbCJY0+INViFWUHg1AHel1sq4ZVSfdcNqGy9Edv3UB9IIzzg+xPaUcAgZYcfVs2fBcwDeZzU0A==",
      "dev": true,
      "license": "MIT"
    },
    "node_modules/dotenv": {
      "version": "16.0.3",
      "resolved": "https://registry.npmjs.org/dotenv/-/dotenv-16.0.3.tgz",
      "integrity": "sha512-7GO6HghkA5fYG9TYnNxi14/7K9f5occMlp3zXAuSxn7CKCxt9xbNWG7yF8hTCSUchlfWSe3uLmlPfigevRItzQ==",
      "engines": {
        "node": ">=12"
      }
    },
    "node_modules/playwright-core": {
      "version": "1.31.0",
      "resolved": "https://registry.npmjs.org/playwright-core/-/playwright-core-1.31.0.tgz",
      "integrity": "sha512-/KquBjS5DcASCh8cGeNVHuC0kyb7c9plKTwaKxgOGtxT7+DZO2fjmFvPDBSXslEIK5CeOO/2kk5rOCktFXKEdA==",
      "dev": true,
      "license": "Apache-2.0",
      "bin": {
        "playwright": "cli.js"
      },
      "engines": {
        "node": ">=14"
      }
    }
  },
  "dependencies": {
    "@playwright/test": {
      "version": "1.31.0",
      "resolved": "https://registry.npmjs.org/@playwright/test/-/test-1.31.0.tgz",
      "integrity": "sha512-Ys5s/06Dg9g3zAIdCIb/UOBYim3U7Zjb3DvC6XBtnRmnglH5O47iwYzmtxXu9fhSyzI2Jn28apkXIOD81GgCdw==",
      "dev": true,
      "requires": {
        "@types/node": "*",
        "fsevents": "2.3.2",
        "playwright-core": "1.31.0"
      }
    },
    "@types/node": {
      "version": "18.14.0",
      "resolved": "https://registry.npmjs.org/@types/node/-/node-18.14.0.tgz",
      "integrity": "sha512-5EWrvLmglK+imbCJY0+INViFWUHg1AHel1sq4ZVSfdcNqGy9Edv3UB9IIzzg+xPaUcAgZYcfVs2fBcwDeZzU0A==",
      "dev": true
    },
    "dotenv": {
      "version": "16.0.3",
      "resolved": "https://registry.npmjs.org/dotenv/-/dotenv-16.0.3.tgz",
      "integrity": "sha512-7GO6HghkA5fYG9TYnNxi14/7K9f5occMlp3zXAuSxn7CKCxt9xbNWG7yF8hTCSUchlfWSe3uLmlPfigevRItzQ=="
    },
    "playwright-core": {
      "version": "1.31.0",
      "resolved": "https://registry.npmjs.org/playwright-core/-/playwright-core-1.31.0.tgz",
      "integrity": "sha512-/KquBjS5DcASCh8cGeNVHuC0kyb7c9plKTwaKxgOGtxT7+DZO2fjmFvPDBSXslEIK5CeOO/2kk5rOCktFXKEdA==",
      "dev": true
    }
  }
}
