# THIS IS AN AUTOGENERATED FILE. DO NOT EDIT THIS FILE DIRECTLY.
# yarn lockfile v1


"@playwright/test@^1.31.0":
  "integrity" "sha512-Ys5s/06Dg9g3zAIdCIb/UOBYim3U7Zjb3DvC6XBtnRmnglH5O47iwYzmtxXu9fhSyzI2Jn28apkXIOD81GgCdw=="
  "resolved" "https://registry.npmjs.org/@playwright/test/-/test-1.31.0.tgz"
  "version" "1.31.0"
  dependencies:
    "@types/node" "*"
    "playwright-core" "1.31.0"
  optionalDependencies:
    "fsevents" "2.3.2"

"@types/node@*":
  "integrity" "sha512-5EWrvLmglK+imbCJY0+INViFWUHg1AHel1sq4ZVSfdcNqGy9Edv3UB9IIzzg+xPaUcAgZYcfVs2fBcwDeZzU0A=="
  "resolved" "https://registry.npmjs.org/@types/node/-/node-18.14.0.tgz"
  "version" "18.14.0"

"dotenv@^16.0.3":
  "integrity" "sha512-7GO6HghkA5fYG9TYnNxi14/7K9f5occMlp3zXAuSxn7CKCxt9xbNWG7yF8hTCSUchlfWSe3uLmlPfigevRItzQ=="
  "resolved" "https://registry.npmjs.org/dotenv/-/dotenv-16.0.3.tgz"
  "version" "16.0.3"

"playwright-core@1.31.0":
  "integrity" "sha512-/KquBjS5DcASCh8cGeNVHuC0kyb7c9plKTwaKxgOGtxT7+DZO2fjmFvPDBSXslEIK5CeOO/2kk5rOCktFXKEdA=="
  "resolved" "https://registry.npmjs.org/playwright-core/-/playwright-core-1.31.0.tgz"
  "version" "1.31.0"
